
Microsoft Visual Studio Solution File, Format Version 12.00
# Visual Studio Version 16
VisualStudioVersion = 16.0.30517.126
MinimumVisualStudioVersion = 10.0.40219.1
Project("{FAE04EC0-301F-11D3-BF4B-00C04F79EFBC}") = "WebFront", "WebFront\WebFront.csproj", "{64CD14F2-5E7A-4B11-9E05-16A963CD6743}"
EndProject
Global
	GlobalSection(SolutionConfigurationPlatforms) = preSolution
		Debug|Any CPU = Debug|Any CPU
		Release|Any CPU = Release|Any CPU
	EndGlobalSection
	GlobalSection(ProjectConfigurationPlatforms) = postSolution
		{64CD14F2-5E7A-4B11-9E05-16A963CD6743}.Debug|Any CPU.ActiveCfg = Debug|Any CPU
		{64CD14F2-5E7A-4B11-9E05-16A963CD6743}.Debug|Any CPU.Build.0 = Debug|Any CPU
		{64CD14F2-5E7A-4B11-9E05-16A963CD6743}.Release|Any CPU.ActiveCfg = Release|Any CPU
		{64CD14F2-5E7A-4B11-9E05-16A963CD6743}.Release|Any CPU.Build.0 = Release|Any CPU
	EndGlobalSection
	GlobalSection(SolutionProperties) = preSolution
		HideSolutionNode = FALSE
	EndGlobalSection
	GlobalSection(ExtensibilityGlobals) = postSolution
		SolutionGuid = {C7D619E8-46E3-47DD-858A-460A7703CD13}
	EndGlobalSection
EndGlobal
